// !$*UTF8*$!
{
	archiveVersion = 1;
	classes = {
	};
	objectVersion = 46;
	objects = {

/* Begin PBXBuildFile section */
		5CDD84F01A0BDC9700FD50D6 /* AppDelegate.swift in Sources */ = {isa = PBXBuildFile; fileRef = 5CDD84EF1A0BDC9700FD50D6 /* AppDelegate.swift */; };
		5CDD84F21A0BDC9700FD50D6 /* ViewController.swift in Sources */ = {isa = PBXBuildFile; fileRef = 5CDD84F11A0BDC9700FD50D6 /* ViewController.swift */; };
		5CDD84F51A0BDC9700FD50D6 /* Main.storyboard in Resources */ = {isa = PBXBuildFile; fileRef = 5CDD84F31A0BDC9700FD50D6 /* Main.storyboard */; };
		5CDD84F71A0BDC9700FD50D6 /* Images.xcassets in Resources */ = {isa = PBXBuildFile; fileRef = 5CDD84F61A0BDC9700FD50D6 /* Images.xcassets */; };
		5CDD84FA1A0BDC9700FD50D6 /* LaunchScreen.xib in Resources */ = {isa = PBXBuildFile; fileRef = 5CDD84F81A0BDC9700FD50D6 /* LaunchScreen.xib */; };
		5CDD85061A0BDC9700FD50D6 /* Weather_AppTests.swift in Sources */ = {isa = PBXBuildFile; fileRef = 5CDD85051A0BDC9700FD50D6 /* Weather_AppTests.swift */; };
/* End PBXBuildFile section */

/* Begin PBXContainerItemProxy section */
		5CDD85001A0BDC9700FD50D6 /* PBXContainerItemProxy */ = {
			isa = PBXContainerItemProxy;
			containerPortal = 5CDD84E21A0BDC9700FD50D6 /* Project object */;
			proxyType = 1;
			remoteGlobalIDString = 5CDD84E91A0BDC9700FD50D6;
			remoteInfo = Weather_App;
		};
/* End PBXContainerItemProxy section */

/* Begin PBXFileReference section */
		5CDD84EA1A0BDC9700FD50D6 /* Weather_App.app */ = {isa = PBXFileReference; explicitFileType = wrapper.application; includeInIndex = 0; path = Weather_App.app; sourceTree = BUILT_PRODUCTS_DIR; };
		5CDD84EE1A0BDC9700FD50D6 /* Info.plist */ = {isa = PBXFileReference; lastKnownFileType = text.plist.xml; path = Info.plist; sourceTree = "<group>"; };
		5CDD84EF1A0BDC9700FD50D6 /* AppDelegate.swift */ = {isa = PBXFileReference; lastKnownFileType = sourcecode.swift; path = AppDelegate.swift; sourceTree = "<group>"; };
		5CDD84F11A0BDC9700FD50D6 /* ViewController.swift */ = {isa = PBXFileReference; lastKnownFileType = sourcecode.swift; path = ViewController.swift; sourceTree = "<group>"; };
		5CDD84F41A0BDC9700FD50D6 /* Base */ = {isa = PBXFileReference; lastKnownFileType = file.storyboard; name = Base; path = Base.lproj/Main.storyboard; sourceTree = "<group>"; };
		5CDD84F61A0BDC9700FD50D6 /* Images.xcassets */ = {isa = PBXFileReference; lastKnownFileType = folder.assetcatalog; path = Images.xcassets; sourceTree = "<group>"; };
		5CDD84F91A0BDC9700FD50D6 /* Base */ = {isa = PBXFileReference; lastKnownFileType = file.xib; name = Base; path = Base.lproj/LaunchScreen.xib; sourceTree = "<group>"; };
		5CDD84FF1A0BDC9700FD50D6 /* Weather_AppTests.xctest */ = {isa = PBXFileReference; explicitFileType = wrapper.cfbundle; includeInIndex = 0; path = Weather_AppTests.xctest; sourceTree = BUILT_PRODUCTS_DIR; };
		5CDD85041A0BDC9700FD50D6 /* Info.plist */ = {isa = PBXFileReference; lastKnownFileType = text.plist.xml; path = Info.plist; sourceTree = "<group>"; };
		5CDD85051A0BDC9700FD50D6 /* Weather_AppTests.swift */ = {isa = PBXFileReference; lastKnownFileType = sourcecode.swift; path = Weather_AppTests.swift; sourceTree = "<group>"; };
/* End PBXFileReference section */

/* Begin PBXFrameworksBuildPhase section */
		5CDD84E71A0BDC9700FD50D6 /* Frameworks */ = {
			isa = PBXFrameworksBuildPhase;
			buildActionMask = 2147483647;
			files = (
			);
			runOnlyForDeploymentPostprocessing = 0;
		};
		5CDD84FC1A0BDC9700FD50D6 /* Frameworks */ = {
			isa = PBXFrameworksBuildPhase;
			buildActionMask = 2147483647;
			files = (
			);
			runOnlyForDeploymentPostprocessing = 0;
		};
/* End PBXFrameworksBuildPhase section */

/* Begin PBXGroup section */
		5CDD84E11A0BDC9700FD50D6 = {
			isa = PBXGroup;
			children = (
				5CDD84EC1A0BDC9700FD50D6 /* Weather_App */,
				5CDD85021A0BDC9700FD50D6 /* Weather_AppTests */,
				5CDD84EB1A0BDC9700FD50D6 /* Products */,
			);
			sourceTree = "<group>";
		};
		5CDD84EB1A0BDC9700FD50D6 /* Products */ = {
			isa = PBXGroup;
			children = (
				5CDD84EA1A0BDC9700FD50D6 /* Weather_App.app */,
				5CDD84FF1A0BDC9700FD50D6 /* Weather_AppTests.xctest */,
			);
			name = Products;
			sourceTree = "<group>";
		};
		5CDD84EC1A0BDC9700FD50D6 /* Weather_App */ = {
			isa = PBXGroup;
			children = (
				5CDD84EF1A0BDC9700FD50D6 /* AppDelegate.swift */,
				5CDD84F11A0BDC9700FD50D6 /* ViewController.swift */,
				5CDD84F31A0BDC9700FD50D6 /* Main.storyboard */,
				5CDD84F61A0BDC9700FD50D6 /* Images.xcassets */,
				5CDD84F81A0BDC9700FD50D6 /* LaunchScreen.xib */,
				5CDD84ED1A0BDC9700FD50D6 /* Supporting Files */,
			);
			path = Weather_App;
			sourceTree = "<group>";
		};
		5CDD84ED1A0BDC9700FD50D6 /* Supporting Files */ = {
			isa = PBXGroup;
			children = (
				5CDD84EE1A0BDC9700FD50D6 /* Info.plist */,
			);
			name = "Supporting Files";
			sourceTree = "<group>";
		};
		5CDD85021A0BDC9700FD50D6 /* Weather_AppTests */ = {
			isa = PBXGroup;
			children = (
				5CDD85051A0BDC9700FD50D6 /* Weather_AppTests.swift */,
				5CDD85031A0BDC9700FD50D6 /* Supporting Files */,
			);
			path = Weather_AppTests;
			sourceTree = "<group>";
		};
		5CDD85031A0BDC9700FD50D6 /* Supporting Files */ = {
			isa = PBXGroup;
			children = (
				5CDD85041A0BDC9700FD50D6 /* Info.plist */,
			);
			name = "Supporting Files";
			sourceTree = "<group>";
		};
/* End PBXGroup section */

/* Begin PBXNativeTarget section */
		5CDD84E91A0BDC9700FD50D6 /* Weather_App */ = {
			isa = PBXNativeTarget;
			buildConfigurationList = 5CDD85091A0BDC9700FD50D6 /* Build configuration list for PBXNativeTarget "Weather_App" */;
			buildPhases = (
				5CDD84E61A0BDC9700FD50D6 /* Sources */,
				5CDD84E71A0BDC9700FD50D6 /* Frameworks */,
				5CDD84E81A0BDC9700FD50D6 /* Resources */,
			);
			buildRules = (
			);
			dependencies = (
			);
			name = Weather_App;
			productName = Weather_App;
			productReference = 5CDD84EA1A0BDC9700FD50D6 /* Weather_App.app */;
			productType = "com.apple.product-type.application";
		};
		5CDD84FE1A0BDC9700FD50D6 /* Weather_AppTests */ = {
			isa = PBXNativeTarget;
			buildConfigurationList = 5CDD850C1A0BDC9700FD50D6 /* Build configuration list for PBXNativeTarget "Weather_AppTests" */;
			buildPhases = (
				5CDD84FB1A0BDC9700FD50D6 /* Sources */,
				5CDD84FC1A0BDC9700FD50D6 /* Frameworks */,
				5CDD84FD1A0BDC9700FD50D6 /* Resources */,
			);
			buildRules = (
			);
			dependencies = (
				5CDD85011A0BDC9700FD50D6 /* PBXTargetDependency */,
			);
			name = Weather_AppTests;
			productName = Weather_AppTests;
			productReference = 5CDD84FF1A0BDC9700FD50D6 /* Weather_AppTests.xctest */;
			productType = "com.apple.product-type.bundle.unit-test";
		};
/* End PBXNativeTarget section */

/* Begin PBXProject section */
		5CDD84E21A0BDC9700FD50D6 /* Project object */ = {
			isa = PBXProject;
			attributes = {
				LastUpgradeCheck = 0610;
				ORGANIZATIONNAME = NMIX;
				TargetAttributes = {
					5CDD84E91A0BDC9700FD50D6 = {
						CreatedOnToolsVersion = 6.1;
					};
					5CDD84FE1A0BDC9700FD50D6 = {
						CreatedOnToolsVersion = 6.1;
						TestTargetID = 5CDD84E91A0BDC9700FD50D6;
					};
				};
			};
			buildConfigurationList = 5CDD84E51A0BDC9700FD50D6 /* Build configuration list for PBXProject "Weather_App" */;
			compatibilityVersion = "Xcode 3.2";
			developmentRegion = English;
			hasScannedForEncodings = 0;
			knownRegions = (
				en,
				Base,
			);
			mainGroup = 5CDD84E11A0BDC9700FD50D6;
			productRefGroup = 5CDD84EB1A0BDC9700FD50D6 /* Products */;
			projectDirPath = "";
			projectRoot = "";
			targets = (
				5CDD84E91A0BDC9700FD50D6 /* Weather_App */,
				5CDD84FE1A0BDC9700FD50D6 /* Weather_AppTests */,
			);
		};
/* End PBXProject section */

/* Begin PBXResourcesBuildPhase section */
		5CDD84E81A0BDC9700FD50D6 /* Resources */ = {
			isa = PBXResourcesBuildPhase;
			buildActionMask = 2147483647;
			files = (
				5CDD84F51A0BDC9700FD50D6 /* Main.storyboard in Resources */,
				5CDD84FA1A0BDC9700FD50D6 /* LaunchScreen.xib in Resources */,
				5CDD84F71A0BDC9700FD50D6 /* Images.xcassets in Resources */,
			);
			runOnlyForDeploymentPostprocessing = 0;
		};
		5CDD84FD1A0BDC9700FD50D6 /* Resources */ = {
			isa = PBXResourcesBuildPhase;
			buildActionMask = 2147483647;
			files = (
			);
			runOnlyForDeploymentPostprocessing = 0;
		};
/* End PBXResourcesBuildPhase section */

/* Begin PBXSourcesBuildPhase section */
		5CDD84E61A0BDC9700FD50D6 /* Sources */ = {
			isa = PBXSourcesBuildPhase;
			buildActionMask = 2147483647;
			files = (
				5CDD84F21A0BDC9700FD50D6 /* ViewController.swift in Sources */,
				5CDD84F01A0BDC9700FD50D6 /* AppDelegate.swift in Sources */,
			);
			runOnlyForDeploymentPostprocessing = 0;
		};
		5CDD84FB1A0BDC9700FD50D6 /* Sources */ = {
			isa = PBXSourcesBuildPhase;
			buildActionMask = 2147483647;
			files = (
				5CDD85061A0BDC9700FD50D6 /* Weather_AppTests.swift in Sources */,
			);
			runOnlyForDeploymentPostprocessing = 0;
		};
/* End PBXSourcesBuildPhase section */

/* Begin PBXTargetDependency section */
		5CDD85011A0BDC9700FD50D6 /* PBXTargetDependency */ = {
			isa = PBXTargetDependency;
			target = 5CDD84E91A0BDC9700FD50D6 /* Weather_App */;
			targetProxy = 5CDD85001A0BDC9700FD50D6 /* PBXContainerItemProxy */;
		};
/* End PBXTargetDependency section */

/* Begin PBXVariantGroup section */
		5CDD84F31A0BDC9700FD50D6 /* Main.storyboard */ = {
			isa = PBXVariantGroup;
			children = (
				5CDD84F41A0BDC9700FD50D6 /* Base */,
			);
			name = Main.storyboard;
			sourceTree = "<group>";
		};
		5CDD84F81A0BDC9700FD50D6 /* LaunchScreen.xib */ = {
			isa = PBXVariantGroup;
			children = (
				5CDD84F91A0BDC9700FD50D6 /* Base */,
			);
			name = LaunchScreen.xib;
			sourceTree = "<group>";
		};
/* End PBXVariantGroup section */

/* Begin XCBuildConfiguration section */
		5CDD85071A0BDC9700FD50D6 /* Debug */ = {
			isa = XCBuildConfiguration;
			buildSettings = {
				ALWAYS_SEARCH_USER_PATHS = NO;
				CLANG_CXX_LANGUAGE_STANDARD = "gnu++0x";
				CLANG_CXX_LIBRARY = "libc++";
				CLANG_ENABLE_MODULES = YES;
				CLANG_ENABLE_OBJC_ARC = YES;
				CLANG_WARN_BOOL_CONVERSION = YES;
				CLANG_WARN_CONSTANT_CONVERSION = YES;
				CLANG_WARN_DIRECT_OBJC_ISA_USAGE = YES_ERROR;
				CLANG_WARN_EMPTY_BODY = YES;
				CLANG_WARN_ENUM_CONVERSION = YES;
				CLANG_WARN_INT_CONVERSION = YES;
				CLANG_WARN_OBJC_ROOT_CLASS = YES_ERROR;
				CLANG_WARN_UNREACHABLE_CODE = YES;
				CLANG_WARN__DUPLICATE_METHOD_MATCH = YES;
				"CODE_SIGN_IDENTITY[sdk=iphoneos*]" = "iPhone Developer";
				COPY_PHASE_STRIP = NO;
				ENABLE_STRICT_OBJC_MSGSEND = YES;
				GCC_C_LANGUAGE_STANDARD = gnu99;
				GCC_DYNAMIC_NO_PIC = NO;
				GCC_OPTIMIZATION_LEVEL = 0;
				GCC_PREPROCESSOR_DEFINITIONS = (
					"DEBUG=1",
					"$(inherited)",
				);
				GCC_SYMBOLS_PRIVATE_EXTERN = NO;
				GCC_WARN_64_TO_32_BIT_CONVERSION = YES;
				GCC_WARN_ABOUT_RETURN_TYPE = YES_ERROR;
				GCC_WARN_UNDECLARED_SELECTOR = YES;
				GCC_WARN_UNINITIALIZED_AUTOS = YES_AGGRESSIVE;
				GCC_WARN_UNUSED_FUNCTION = YES;
				GCC_WARN_UNUSED_VARIABLE = YES;
				IPHONEOS_DEPLOYMENT_TARGET = 8.1;
				MTL_ENABLE_DEBUG_INFO = YES;
				ONLY_ACTIVE_ARCH = YES;
				SDKROOT = iphoneos;
				SWIFT_OPTIMIZATION_LEVEL = "-Onone";
			};
			name = Debug;
		};
		5CDD85081A0BDC9700FD50D6 /* Release */ = {
			isa = XCBuildConfiguration;
			buildSettings = {
				ALWAYS_SEARCH_USER_PATHS = NO;
				CLANG_CXX_LANGUAGE_STANDARD = "gnu++0x";
				CLANG_CXX_LIBRARY = "libc++";
				CLANG_ENABLE_MODULES = YES;
				CLANG_ENABLE_OBJC_ARC = YES;
				CLANG_WARN_BOOL_CONVERSION = YES;
				CLANG_WARN_CONSTANT_CONVERSION = YES;
				CLANG_WARN_DIRECT_OBJC_ISA_USAGE = YES_ERROR;
				CLANG_WARN_EMPTY_BODY = YES;
				CLANG_WARN_ENUM_CONVERSION = YES;
				CLANG_WARN_INT_CONVERSION = YES;
				CLANG_WARN_OBJC_ROOT_CLASS = YES_ERROR;
				CLANG_WARN_UNREACHABLE_CODE = YES;
				CLANG_WARN__DUPLICATE_METHOD_MATCH = YES;
				"CODE_SIGN_IDENTITY[sdk=iphoneos*]" = "iPhone Developer";
				COPY_PHASE_STRIP = YES;
				ENABLE_NS_ASSERTIONS = NO;
				ENABLE_STRICT_OBJC_MSGSEND = YES;
				GCC_C_LANGUAGE_STANDARD = gnu99;
				GCC_WARN_64_TO_32_BIT_CONVERSION = YES;
				GCC_WARN_ABOUT_RETURN_TYPE = YES_ERROR;
				GCC_WARN_UNDECLARED_SELECTOR = YES;
				GCC_WARN_UNINITIALIZED_AUTOS = YES_AGGRESSIVE;
				GCC_WARN_UNUSED_FUNCTION = YES;
				GCC_WARN_UNUSED_VARIABLE = YES;
				IPHONEOS_DEPLOYMENT_TARGET = 8.1;
				MTL_ENABLE_DEBUG_INFO = NO;
				SDKROOT = iphoneos;
				VALIDATE_PRODUCT = YES;
			};
			name = Release;
		};
		5CDD850A1A0BDC9700FD50D6 /* Debug */ = {
			isa = XCBuildConfiguration;
			buildSettings = {
				ASSETCATALOG_COMPILER_APPICON_NAME = AppIcon;
				INFOPLIST_FILE = Weather_App/Info.plist;
				LD_RUNPATH_SEARCH_PATHS = "$(inherited) @executable_path/Frameworks";
				PRODUCT_NAME = "$(TARGET_NAME)";
			};
			name = Debug;
		};
		5CDD850B1A0BDC9700FD50D6 /* Release */ = {
			isa = XCBuildConfiguration;
			buildSettings = {
				ASSETCATALOG_COMPILER_APPICON_NAME = AppIcon;
				INFOPLIST_FILE = Weather_App/Info.plist;
				LD_RUNPATH_SEARCH_PATHS = "$(inherited) @executable_path/Frameworks";
				PRODUCT_NAME = "$(TARGET_NAME)";
			};
			name = Release;
		};
		5CDD850D1A0BDC9700FD50D6 /* Debug */ = {
			isa = XCBuildConfiguration;
			buildSettings = {
				BUNDLE_LOADER = "$(TEST_HOST)";
				FRAMEWORK_SEARCH_PATHS = (
					"$(SDKROOT)/Developer/Library/Frameworks",
					"$(inherited)",
				);
				GCC_PREPROCESSOR_DEFINITIONS = (
					"DEBUG=1",
					"$(inherited)",
				);
				INFOPLIST_FILE = Weather_AppTests/Info.plist;
				LD_RUNPATH_SEARCH_PATHS = "$(inherited) @executable_path/Frameworks @loader_path/Frameworks";
				PRODUCT_NAME = "$(TARGET_NAME)";
				TEST_HOST = "$(BUILT_PRODUCTS_DIR)/Weather_App.app/Weather_App";
			};
			name = Debug;
		};
		5CDD850E1A0BDC9700FD50D6 /* Release */ = {
			isa = XCBuildConfiguration;
			buildSettings = {
				BUNDLE_LOADER = "$(TEST_HOST)";
				FRAMEWORK_SEARCH_PATHS = (
					"$(SDKROOT)/Developer/Library/Frameworks",
					"$(inherited)",
				);
				INFOPLIST_FILE = Weather_AppTests/Info.plist;
				LD_RUNPATH_SEARCH_PATHS = "$(inherited) @executable_path/Frameworks @loader_path/Frameworks";
				PRODUCT_NAME = "$(TARGET_NAME)";
				TEST_HOST = "$(BUILT_PRODUCTS_DIR)/Weather_App.app/Weather_App";
			};
			name = Release;
		};
/* End XCBuildConfiguration section */

/* Begin XCConfigurationList section */
		5CDD84E51A0BDC9700FD50D6 /* Build configuration list for PBXProject "Weather_App" */ = {
			isa = XCConfigurationList;
			buildConfigurations = (
				5CDD85071A0BDC9700FD50D6 /* Debug */,
				5CDD85081A0BDC9700FD50D6 /* Release */,
			);
			defaultConfigurationIsVisible = 0;
			defaultConfigurationName = Release;
		};
		5CDD85091A0BDC9700FD50D6 /* Build configuration list for PBXNativeTarget "Weather_App" */ = {
			isa = XCConfigurationList;
			buildConfigurations = (
				5CDD850A1A0BDC9700FD50D6 /* Debug */,
				5CDD850B1A0BDC9700FD50D6 /* Release */,
			);
			defaultConfigurationIsVisible = 0;
		};
		5CDD850C1A0BDC9700FD50D6 /* Build configuration list for PBXNativeTarget "Weather_AppTests" */ = {
			isa = XCConfigurationList;
			buildConfigurations = (
				5CDD850D1A0BDC9700FD50D6 /* Debug */,
				5CDD850E1A0BDC9700FD50D6 /* Release */,
			);
			defaultConfigurationIsVisible = 0;
		};
/* End XCConfigurationList section */
	};
	rootObject = 5CDD84E21A0BDC9700FD50D6 /* Project object */;
}
